
Microsoft Visual Studio Solution File, Format Version 12.00
# Visual Studio Version 16
VisualStudioVersion = 16.0.29509.3
MinimumVisualStudioVersion = 10.0.40219.1
Project("{FAE04EC0-301F-11D3-BF4B-00C04F79EFBC}") = "freq_analysis_cantilever", "freq_analysis_cantilever\freq_analysis_cantilever.csproj", "{B2D521F3-3C67-4013-8C85-E9668EA5A5CA}"
EndProject
Global
	GlobalSection(SolutionConfigurationPlatforms) = preSolution
		Debug|Any CPU = Debug|Any CPU
		Release|Any CPU = Release|Any CPU
	EndGlobalSection
	GlobalSection(ProjectConfigurationPlatforms) = postSolution
		{B2D521F3-3C67-4013-8C85-E9668EA5A5CA}.Debug|Any CPU.ActiveCfg = Debug|Any CPU
		{B2D521F3-3C67-4013-8C85-E9668EA5A5CA}.Debug|Any CPU.Build.0 = Debug|Any CPU
		{B2D521F3-3C67-4013-8C85-E9668EA5A5CA}.Release|Any CPU.ActiveCfg = Release|Any CPU
		{B2D521F3-3C67-4013-8C85-E9668EA5A5CA}.Release|Any CPU.Build.0 = Release|Any CPU
	EndGlobalSection
	GlobalSection(SolutionProperties) = preSolution
		HideSolutionNode = FALSE
	EndGlobalSection
	GlobalSection(ExtensibilityGlobals) = postSolution
		SolutionGuid = {F00B8431-4544-4968-A651-B9D30FCFB953}
	EndGlobalSection
EndGlobal
